
Microsoft Visual Studio Solution File, Format Version 12.00
# Visual Studio Version 16
VisualStudioVersion = 16.0.31624.102
MinimumVisualStudioVersion = 10.0.40219.1
Project("{FAE04EC0-301F-11D3-BF4B-00C04F79EFBC}") = "ProyectoUSMP_GYM", "ProyectoUSMP_GYM\ProyectoUSMP_GYM.csproj", "{47748669-EA81-4B18-B589-4AECB86613C8}"
EndProject
Global
	GlobalSection(SolutionConfigurationPlatforms) = preSolution
		Debug|Any CPU = Debug|Any CPU
		Release|Any CPU = Release|Any CPU
	EndGlobalSection
	GlobalSection(ProjectConfigurationPlatforms) = postSolution
		{47748669-EA81-4B18-B589-4AECB86613C8}.Debug|Any CPU.ActiveCfg = Debug|Any CPU
		{47748669-EA81-4B18-B589-4AECB86613C8}.Debug|Any CPU.Build.0 = Debug|Any CPU
		{47748669-EA81-4B18-B589-4AECB86613C8}.Release|Any CPU.ActiveCfg = Release|Any CPU
		{47748669-EA81-4B18-B589-4AECB86613C8}.Release|Any CPU.Build.0 = Release|Any CPU
	EndGlobalSection
	GlobalSection(SolutionProperties) = preSolution
		HideSolutionNode = FALSE
	EndGlobalSection
	GlobalSection(ExtensibilityGlobals) = postSolution
		SolutionGuid = {79524D5F-9DB5-40A2-B93C-BCF66967F4EE}
	EndGlobalSection
EndGlobal
